
Microsoft Visual Studio Solution File, Format Version 12.00
# Visual Studio Version 16
VisualStudioVersion = 16.0.30717.126
MinimumVisualStudioVersion = 10.0.40219.1
Project("{9A19103F-16F7-4668-BE54-9A1E7A4F7556}") = "Kapok.IpToGeolocation", "Kapok.IpToGeolocation\Kapok.IpToGeolocation.csproj", "{B63A1B31-4E8A-4214-9814-B4E8E663B411}"
EndProject
Project("{9A19103F-16F7-4668-BE54-9A1E7A4F7556}") = "Kapok.IpToGeolocation.Tests", "Kapok.IpToGeolocation.Tests\Kapok.IpToGeolocation.Tests.csproj", "{250AFA5D-60C2-4DE3-9F05-13713FC14E5C}"
EndProject
Project("{2150E333-8FDC-42A3-9474-1A3956D46DE8}") = "Solution Items", "Solution Items", "{625013D7-1D1C-4585-AED3-AA4C2B331362}"
	ProjectSection(SolutionItems) = preProject
		.gitignore = .gitignore
		LICENSE = LICENSE
	EndProjectSection
EndProject
Global
	GlobalSection(SolutionConfigurationPlatforms) = preSolution
		Debug|Any CPU = Debug|Any CPU
		Release|Any CPU = Release|Any CPU
	EndGlobalSection
	GlobalSection(ProjectConfigurationPlatforms) = postSolution
		{B63A1B31-4E8A-4214-9814-B4E8E663B411}.Debug|Any CPU.ActiveCfg = Debug|Any CPU
		{B63A1B31-4E8A-4214-9814-B4E8E663B411}.Debug|Any CPU.Build.0 = Debug|Any CPU
		{B63A1B31-4E8A-4214-9814-B4E8E663B411}.Release|Any CPU.ActiveCfg = Release|Any CPU
		{B63A1B31-4E8A-4214-9814-B4E8E663B411}.Release|Any CPU.Build.0 = Release|Any CPU
		{250AFA5D-60C2-4DE3-9F05-13713FC14E5C}.Debug|Any CPU.ActiveCfg = Debug|Any CPU
		{250AFA5D-60C2-4DE3-9F05-13713FC14E5C}.Debug|Any CPU.Build.0 = Debug|Any CPU
		{250AFA5D-60C2-4DE3-9F05-13713FC14E5C}.Release|Any CPU.ActiveCfg = Release|Any CPU
		{250AFA5D-60C2-4DE3-9F05-13713FC14E5C}.Release|Any CPU.Build.0 = Release|Any CPU
	EndGlobalSection
	GlobalSection(SolutionProperties) = preSolution
		HideSolutionNode = FALSE
	EndGlobalSection
	GlobalSection(ExtensibilityGlobals) = postSolution
		SolutionGuid = {9AC352FB-1BC7-44DA-B642-F51B125152B8}
	EndGlobalSection
EndGlobal
