{
  "version": 1,
  "dependencies": {
    ".NETCoreApp,Version=v3.1": {
      "Microsoft.Extensions.Configuration.Abstractions": {
        "type": "Direct",
        "requested": "[3.1.19, )",
        "resolved": "3.1.19",
        "contentHash": "5XARAKFFAlX6WVk/c2/oAW44Oh0TMYwIFJJqxjkFXjPWsZAFuPTD0yLuaXvnILATpR8guks4V8yTE33HaV7ZOg==",
        "dependencies": {
          "Microsoft.Extensions.Primitives": "3.1.19"
        }
      },
      "Microsoft.Extensions.Configuration.Binder": {
        "type": "Direct",
        "requested": "[3.1.19, )",
        "resolved": "3.1.19",
        "contentHash": "UmyDTRQWG1RaP70rGlymCWlDKK9ZHvypJocinplxeeky3bevDBdI4qnhT0eXQSu/iRlanXvhoyBimh9glXPJjg==",
        "dependencies": {
          "Microsoft.Extensions.Configuration": "3.1.19"
        }
      },
      "Microsoft.Extensions.Http.Polly": {
        "type": "Direct",
        "requested": "[3.1.19, )",
        "resolved": "3.1.19",
        "contentHash": "edGJhoU7ETN2y3WkHoB6s0nnMU1ws+lEf7CBDEBmUVt6RbFSfM8/XE7aU7FnLAusAjMEncCfZbW/CSx2WcVKYQ==",
        "dependencies": {
          "Microsoft.Extensions.Http": "3.1.19",
          "Polly": "7.1.0",
          "Polly.Extensions.Http": "3.0.0"
        }
      },
      "Microsoft.Extensions.Logging.Abstractions": {
        "type": "Direct",
        "requested": "[3.1.19, )",
        "resolved": "3.1.19",
        "contentHash": "ZJxpOfelPknOpD+/P+vcvXXAo7JVwBu2n/NkTuQzwneVzqJFzXB4lJu/jr4sbMIrTNvJi/XixPHrKcaztVkXSQ=="
      },
      "Polly": {
        "type": "Direct",
        "requested": "[7.2.2, )",
        "resolved": "7.2.2",
        "contentHash": "E6CeKyS513j7taKAq4q2MESDBvzuzWnR1rQ2Y2zqJvpiVtKMm699Aubb20MUPBDmb0Ov8PmcLHTCVFdCjoy2kA=="
      },
      "Microsoft.Extensions.Configuration": {
        "type": "Transitive",
        "resolved": "3.1.19",
        "contentHash": "KDfhqlop17pf6zSOzcIydwXNFI8T15Sg7vguGvf9cjPpXCSNSvuWjVpZB+T9KAGQT7mbrB2W0GOYl/1Kgre/7Q==",
        "dependencies": {
          "Microsoft.Extensions.Configuration.Abstractions": "3.1.19"
        }
      },
      "Microsoft.Extensions.DependencyInjection": {
        "type": "Transitive",
        "resolved": "3.1.19",
        "contentHash": "cdBicT5kRGBVWilW0QUFYmeqYNgBP3NHwrnsuJj0QqivA74OHcUiS18EFLMRmqwZ746mbnptfSZ4Lh997KsUew==",
        "dependencies": {
          "Microsoft.Extensions.DependencyInjection.Abstractions": "3.1.19"
        }
      },
      "Microsoft.Extensions.DependencyInjection.Abstractions": {
        "type": "Transitive",
        "resolved": "3.1.19",
        "contentHash": "tiaohUQoNWfUQBWAW4wg9yRYAYcxq0IERI6bR8DojusFIVybdzOJ1bJXLghfO17cGx05SdiUnUk8h0SiQn0hBw=="
      },
      "Microsoft.Extensions.Http": {
        "type": "Transitive",
        "resolved": "3.1.19",
        "contentHash": "RVVCLCrHis7YEbmyoOGlV1bA3V3NkkcXw7SmWacHcSGaztlJWn+RzLvN2zHJ6JH63h0nUaITOFptG4SP1ge0dA==",
        "dependencies": {
          "Microsoft.Extensions.DependencyInjection.Abstractions": "3.1.19",
          "Microsoft.Extensions.Logging": "3.1.19",
          "Microsoft.Extensions.Options": "3.1.19"
        }
      },
      "Microsoft.Extensions.Logging": {
        "type": "Transitive",
        "resolved": "3.1.19",
        "contentHash": "Wv/p90AEtp69cPuQQKAFQCS2tIefqaT6elTx3AwLgltkDXvzGVPbXI7NcfOWh3TNdDcfwV7U6YFC0WrNVA88WA==",
        "dependencies": {
          "Microsoft.Extensions.Configuration.Binder": "3.1.19",
          "Microsoft.Extensions.DependencyInjection": "3.1.19",
          "Microsoft.Extensions.Logging.Abstractions": "3.1.19",
          "Microsoft.Extensions.Options": "3.1.19"
        }
      },
      "Microsoft.Extensions.Options": {
        "type": "Transitive",
        "resolved": "3.1.19",
        "contentHash": "awGsLKbgxb/3jxmKQQpD2aPAsWW//d8MTQfFB2XgU2xnjLCx+GN5EPdLe6GfB9ulMq/2AiqZ3IXciHBzSGQ1Uw==",
        "dependencies": {
          "Microsoft.Extensions.DependencyInjection.Abstractions": "3.1.19",
          "Microsoft.Extensions.Primitives": "3.1.19"
        }
      },
      "Microsoft.Extensions.Primitives": {
        "type": "Transitive",
        "resolved": "3.1.19",
        "contentHash": "Al3SuZLS4nN7o3TQPfJGHNnQuLEKXz/tBXoPeESMnJxRLCWomo9MAdjEBunexaWK4as+ESVqOD2rLVyBBx3/qA=="
      },
      "Polly.Extensions.Http": {
        "type": "Transitive",
        "resolved": "3.0.0",
        "contentHash": "drrG+hB3pYFY7w1c3BD+lSGYvH2oIclH8GRSehgfyP5kjnFnHKQuuBhuHLv+PWyFuaTDyk/vfRpnxOzd11+J8g==",
        "dependencies": {
          "Polly": "7.1.0"
        }
      }
    }
  }
}