{
  "version": 1,
  "dependencies": {
    ".NETCoreApp,Version=v3.1": {
      "Microsoft.Extensions.Configuration.Abstractions": {
        "type": "Direct",
        "requested": "[3.1.17, )",
        "resolved": "3.1.17",
        "contentHash": "mPQm9EkeqyvwPBKxeb6Zag66p2LoBNqnoG/5ULH49yIOYyR5JcauM4YhlxqDtNON/j/JK388TM8JJ0MFrDEmKg==",
        "dependencies": {
          "Microsoft.Extensions.Primitives": "3.1.17"
        }
      },
      "Microsoft.Extensions.Configuration.Binder": {
        "type": "Direct",
        "requested": "[3.1.17, )",
        "resolved": "3.1.17",
        "contentHash": "q7m3yzpEFagTmkc+IeRedRsO0l8AK4lh7q1CxkU1FTWs8QcmSssmvLFoKx0lNRNHIaWfDCDyGFNNfiwoYqELoA==",
        "dependencies": {
          "Microsoft.Extensions.Configuration": "3.1.17"
        }
      },
      "Microsoft.Extensions.Http.Polly": {
        "type": "Direct",
        "requested": "[3.1.17, )",
        "resolved": "3.1.17",
        "contentHash": "dM8xFaJglIcCUVwphIIjy3S7rbbic3IXSvLhaMncd3PtCN4MdS7ks4M+Ic+XPCMshTIl6belIFXymhEXXK763A==",
        "dependencies": {
          "Microsoft.Extensions.Http": "3.1.17",
          "Polly": "7.1.0",
          "Polly.Extensions.Http": "3.0.0"
        }
      },
      "Microsoft.Extensions.Logging.Abstractions": {
        "type": "Direct",
        "requested": "[3.1.17, )",
        "resolved": "3.1.17",
        "contentHash": "Gdg+cirn19y3GaXHdmbka9zjyP8mKPgp/ELWr00tujm2aJjQONa+DPkUWoYZltVT27BL/hlWLwki5TXFI6CQig=="
      },
      "Polly": {
        "type": "Direct",
        "requested": "[7.2.2, )",
        "resolved": "7.2.2",
        "contentHash": "E6CeKyS513j7taKAq4q2MESDBvzuzWnR1rQ2Y2zqJvpiVtKMm699Aubb20MUPBDmb0Ov8PmcLHTCVFdCjoy2kA=="
      },
      "Microsoft.Extensions.Configuration": {
        "type": "Transitive",
        "resolved": "3.1.17",
        "contentHash": "izMhve9pDG2rLt8mVxpD5zyJGtdR6HWY0KCAUnTeGvuuD4xaoMlCzNseozzmY6+qGXljQnofZ86rMnDkn18oWg==",
        "dependencies": {
          "Microsoft.Extensions.Configuration.Abstractions": "3.1.17"
        }
      },
      "Microsoft.Extensions.DependencyInjection": {
        "type": "Transitive",
        "resolved": "3.1.17",
        "contentHash": "EcmHsepAUfAmmG8Cnsd1mZywBWc8o4hbLw2nuWgyW1vL4AGs7biI0OjjL+Bpdf7PEko6TUTepMCQStg8cUtX5A==",
        "dependencies": {
          "Microsoft.Extensions.DependencyInjection.Abstractions": "3.1.17"
        }
      },
      "Microsoft.Extensions.DependencyInjection.Abstractions": {
        "type": "Transitive",
        "resolved": "3.1.17",
        "contentHash": "UXNL6AdqV06E2WMUPKG21oyTY1yeUCO/U+Wmy9ltbOmH/SqozuCQEvapk+UsfZU0C6s7i3Jvy4FPYW2nX6oTtg=="
      },
      "Microsoft.Extensions.Http": {
        "type": "Transitive",
        "resolved": "3.1.17",
        "contentHash": "vTVYCUXshEudK/s0Wdvv3FiUgEJOxTYscgiXRkiSSILp4j00HEXQRiC/Atk7cAh3VG7mHV9AjRxjvSaT4MkkVg==",
        "dependencies": {
          "Microsoft.Extensions.DependencyInjection.Abstractions": "3.1.17",
          "Microsoft.Extensions.Logging": "3.1.17",
          "Microsoft.Extensions.Options": "3.1.17"
        }
      },
      "Microsoft.Extensions.Logging": {
        "type": "Transitive",
        "resolved": "3.1.17",
        "contentHash": "4WHFwGdDpKAeftHQbAPaFOXs/raRGGlvw0v4tNn1TsutUEiP7/YIhrCeoR1oUevXQx/5vuTCAsgqMCoRXPQysg==",
        "dependencies": {
          "Microsoft.Extensions.Configuration.Binder": "3.1.17",
          "Microsoft.Extensions.DependencyInjection": "3.1.17",
          "Microsoft.Extensions.Logging.Abstractions": "3.1.17",
          "Microsoft.Extensions.Options": "3.1.17"
        }
      },
      "Microsoft.Extensions.Options": {
        "type": "Transitive",
        "resolved": "3.1.17",
        "contentHash": "cyVel8U6f4RZv+sp3WsvlZ8YDZC6Fh2yJ1f7g8tCmgbLsOVSGjl0Wpe7pym5RYpQrDmKhlMQP2M919bD6CSDUw==",
        "dependencies": {
          "Microsoft.Extensions.DependencyInjection.Abstractions": "3.1.17",
          "Microsoft.Extensions.Primitives": "3.1.17"
        }
      },
      "Microsoft.Extensions.Primitives": {
        "type": "Transitive",
        "resolved": "3.1.17",
        "contentHash": "Dps198+KGasKjBZ66s9cOMJjZJZ2GJ3hHrmHcKiCXMB9r4ZDsD7wDXbswiGVf+da5WglA28ZFpxX1kq5S9TCGQ=="
      },
      "Polly.Extensions.Http": {
        "type": "Transitive",
        "resolved": "3.0.0",
        "contentHash": "drrG+hB3pYFY7w1c3BD+lSGYvH2oIclH8GRSehgfyP5kjnFnHKQuuBhuHLv+PWyFuaTDyk/vfRpnxOzd11+J8g==",
        "dependencies": {
          "Polly": "7.1.0"
        }
      }
    }
  }
}