{
  "version": 1,
  "dependencies": {
    ".NETCoreApp,Version=v3.1": {
      "Microsoft.Extensions.Configuration.Abstractions": {
        "type": "Direct",
        "requested": "[3.1.16, )",
        "resolved": "3.1.16",
        "contentHash": "TcYhNw4N11FeT2wNmN5gAUjthj6MtObBaFOZ3zH+DkMPc2L/Dn/6fbCGzdmOj7R1QoP9TAJrjfkW3wZb/WlGEw==",
        "dependencies": {
          "Microsoft.Extensions.Primitives": "3.1.16"
        }
      },
      "Microsoft.Extensions.Configuration.Binder": {
        "type": "Direct",
        "requested": "[3.1.16, )",
        "resolved": "3.1.16",
        "contentHash": "zV//um0cyrk8/pNctYVKhpUtR9rj9W5inbV0wk7ctAmGMx0g1I87i3isQUO9tmF/IZuHtWCce9Q9nKX+QUbtbA==",
        "dependencies": {
          "Microsoft.Extensions.Configuration": "3.1.16"
        }
      },
      "Microsoft.Extensions.Http.Polly": {
        "type": "Direct",
        "requested": "[3.1.16, )",
        "resolved": "3.1.16",
        "contentHash": "3azScpCfXSvI+Ch16cBMPAjEKtKytwc29HJK7W6mtYdRCduJ7XxB9WJ4coIKL6N22HOaRpP9ny2jtzKmJoTwmA==",
        "dependencies": {
          "Microsoft.Extensions.Http": "3.1.16",
          "Polly": "7.1.0",
          "Polly.Extensions.Http": "3.0.0"
        }
      },
      "Microsoft.Extensions.Logging.Abstractions": {
        "type": "Direct",
        "requested": "[3.1.16, )",
        "resolved": "3.1.16",
        "contentHash": "ltX0/yOxdEdnvHqTWjBeszga5kTjFHCwekoNX5DcAlSdoRPngJ13VgqFUeQyIZByfTO6972Y4dB6/YmXTeZAIA=="
      },
      "Polly": {
        "type": "Direct",
        "requested": "[7.2.2, )",
        "resolved": "7.2.2",
        "contentHash": "E6CeKyS513j7taKAq4q2MESDBvzuzWnR1rQ2Y2zqJvpiVtKMm699Aubb20MUPBDmb0Ov8PmcLHTCVFdCjoy2kA=="
      },
      "Microsoft.Extensions.Configuration": {
        "type": "Transitive",
        "resolved": "3.1.16",
        "contentHash": "bq50viwAlO/rfNtJA2WVAzRAUhc43ye4rfG452NlbXkD8bpLEUJwkFyqo6uBRzPWdAa2wllzWD9bQvvi0w65oQ==",
        "dependencies": {
          "Microsoft.Extensions.Configuration.Abstractions": "3.1.16"
        }
      },
      "Microsoft.Extensions.DependencyInjection": {
        "type": "Transitive",
        "resolved": "3.1.16",
        "contentHash": "zgV27UpG5tc/oW23Gh4r6DA1biMvdPv/efcNVp25Cx7bDcdoP3/snrdH+dscaOyjXtiZtYXELN4cDlyIAvNO+g==",
        "dependencies": {
          "Microsoft.Extensions.DependencyInjection.Abstractions": "3.1.16"
        }
      },
      "Microsoft.Extensions.DependencyInjection.Abstractions": {
        "type": "Transitive",
        "resolved": "3.1.16",
        "contentHash": "pFCBSw5MJiuucZAG+IrJLcQd4c7JIgc/7t6Mm6Q31wjEeamKQ+r7p1Aw21IHJm5KHqLNG/UdeaIt6ffullkC0Q=="
      },
      "Microsoft.Extensions.Http": {
        "type": "Transitive",
        "resolved": "3.1.16",
        "contentHash": "kJW/3MDXq0X10CowdpDy7DnJliq3i0FTYLIAW8gmXLVAguFoHxIvSchq3VLItBUOzBQCtNYKBn1WfVTfVQ8FDw==",
        "dependencies": {
          "Microsoft.Extensions.DependencyInjection.Abstractions": "3.1.16",
          "Microsoft.Extensions.Logging": "3.1.16",
          "Microsoft.Extensions.Options": "3.1.16"
        }
      },
      "Microsoft.Extensions.Logging": {
        "type": "Transitive",
        "resolved": "3.1.16",
        "contentHash": "IN82yVhuuTkae3XJowN2B02UM1My7Ec3jpDLTUIqHyEZKClYWV+6k6d3E8tiJdiWO8P6zCumnr0Mrl64cfK1MQ==",
        "dependencies": {
          "Microsoft.Extensions.Configuration.Binder": "3.1.16",
          "Microsoft.Extensions.DependencyInjection": "3.1.16",
          "Microsoft.Extensions.Logging.Abstractions": "3.1.16",
          "Microsoft.Extensions.Options": "3.1.16"
        }
      },
      "Microsoft.Extensions.Options": {
        "type": "Transitive",
        "resolved": "3.1.16",
        "contentHash": "GvAXoiJXE54x3nt6MDhOEl8l6lHM/DuARgG8vBlYKveRTCyd5D8gR6kaYGekpR9Fc5GpRe3dxezN5dwaR8SIvQ==",
        "dependencies": {
          "Microsoft.Extensions.DependencyInjection.Abstractions": "3.1.16",
          "Microsoft.Extensions.Primitives": "3.1.16"
        }
      },
      "Microsoft.Extensions.Primitives": {
        "type": "Transitive",
        "resolved": "3.1.16",
        "contentHash": "mqE90xTSlTdQmk3e7+4L00PbBYB+Ox+S5IJ1P+cavlxoQKBrDf2oLdltWIYHa8GjN8xrAoxwfuFJjFnOWSWdDw=="
      },
      "Polly.Extensions.Http": {
        "type": "Transitive",
        "resolved": "3.0.0",
        "contentHash": "drrG+hB3pYFY7w1c3BD+lSGYvH2oIclH8GRSehgfyP5kjnFnHKQuuBhuHLv+PWyFuaTDyk/vfRpnxOzd11+J8g==",
        "dependencies": {
          "Polly": "7.1.0"
        }
      }
    }
  }
}